{
  "projects": [
    {
      "projectId": "r3ASNrnyvLLLAtDvzUioQ",
      "version": "4.8.0",
      "dependencies": {},
      "lang": "ts",
      "fileLocks": [
        {
          "assetId": "r3ASNrnyvLLLAtDvzUioQ",
          "type": "projectCss",
          "checksum": "1c02168c6b23256606111fdfdbb63549"
        }
      ],
      "codegenVersion": "0.0.1"
    },
    {
      "projectId": "ohDidvG9XsCeFumugENU3J",
      "version": "6.29.0",
      "dependencies": {},
      "lang": "ts",
      "fileLocks": [
        {
          "assetId": "ohDidvG9XsCeFumugENU3J",
          "type": "projectCss",
          "checksum": "ba2a60a163fca4f4d510275088a2be53"
        },
        {
          "assetId": "ohDidvG9XsCeFumugENU3J",
          "checksum": "de0a0e65174a6a185a8f822af51c6bdd",
          "type": "globalContexts"
        }
      ],
      "codegenVersion": "0.0.1"
    },
    {
      "projectId": "gmeH6XgPaBtkt51HunAo4g",
      "version": "18.14.0",
      "dependencies": {},
      "lang": "ts",
      "fileLocks": [
        {
          "assetId": "gmeH6XgPaBtkt51HunAo4g",
          "type": "projectCss",
          "checksum": "1c02168c6b23256606111fdfdbb63549"
        }
      ],
      "codegenVersion": "0.0.1"
    },
    {
      "projectId": "YUiM7yqBWAqsh8KSnrdj7",
      "version": "0.33.0",
      "dependencies": {},
      "lang": "ts",
      "fileLocks": [
        {
          "assetId": "YUiM7yqBWAqsh8KSnrdj7",
          "type": "projectCss",
          "checksum": "21b499a9da4edbc2266c72c2ba127787"
        }
      ],
      "codegenVersion": "0.0.1"
    },
    {
      "projectId": "58GpZjZCWTaJ8AUhpCwt2K",
      "version": "3.28.0",
      "dependencies": {},
      "lang": "ts",
      "fileLocks": [
        {
          "assetId": "58GpZjZCWTaJ8AUhpCwt2K",
          "type": "projectCss",
          "checksum": "f0469e206244772473ab64f50be898f9"
        }
      ],
      "codegenVersion": "0.0.1"
    },
    {
      "projectId": "7nJ7UcFmq9UzB6eXfC5z4a",
      "version": "0.31.0",
      "dependencies": {},
      "lang": "ts",
      "fileLocks": [
        {
          "assetId": "7nJ7UcFmq9UzB6eXfC5z4a",
          "type": "projectCss",
          "checksum": "01e8cee5b9ce00fbc93f494c2a40dbf1"
        }
      ],
      "codegenVersion": "0.0.1"
    },
    {
      "projectId": "3o4RrbaD6Ecsuky4cBwwgC",
      "version": "latest",
      "dependencies": {
        "7nJ7UcFmq9UzB6eXfC5z4a": "0.31.0",
        "58GpZjZCWTaJ8AUhpCwt2K": "3.28.0",
        "YUiM7yqBWAqsh8KSnrdj7": "0.33.0",
        "gmeH6XgPaBtkt51HunAo4g": "18.14.0",
        "ohDidvG9XsCeFumugENU3J": "6.29.0",
        "r3ASNrnyvLLLAtDvzUioQ": "4.8.0"
      },
      "lang": "ts",
      "fileLocks": [
        {
          "type": "globalVariant",
          "assetId": "-yFj3K_6QO9F",
          "checksum": "06103d226e3ac7751e9e775355fd9f0f"
        },
        {
          "assetId": "3o4RrbaD6Ecsuky4cBwwgC",
          "type": "projectCss",
          "checksum": "4c410847049c75e3870c06e87215608d"
        },
        {
          "assetId": "3o4RrbaD6Ecsuky4cBwwgC",
          "checksum": "ee2cead26b9dee07e7dbf6932ecf886f",
          "type": "globalContexts"
        },
        {
          "type": "renderModule",
          "assetId": "dN66ptMH8yBV",
          "checksum": "36ce2a0825a1de4a9143e9c69620c0ce"
        },
        {
          "type": "cssRules",
          "assetId": "dN66ptMH8yBV",
          "checksum": "36ce2a0825a1de4a9143e9c69620c0ce"
        },
        {
          "type": "renderModule",
          "assetId": "PMcWikMe0Zd7",
          "checksum": "b33d7708bebb33f44cdfa3c72c8a3ce1"
        },
        {
          "type": "cssRules",
          "assetId": "PMcWikMe0Zd7",
          "checksum": "b33d7708bebb33f44cdfa3c72c8a3ce1"
        },
        {
          "type": "renderModule",
          "assetId": "-wjPVDIqWkMy",
          "checksum": "4c8503d541b18ffce53b58317cc70ac3"
        },
        {
          "type": "cssRules",
          "assetId": "-wjPVDIqWkMy",
          "checksum": "4c8503d541b18ffce53b58317cc70ac3"
        },
        {
          "type": "renderModule",
          "assetId": "XHUKIn0P9VUo",
          "checksum": "be7095639496b95b3ea95b741ee30dc3"
        },
        {
          "type": "cssRules",
          "assetId": "XHUKIn0P9VUo",
          "checksum": "be7095639496b95b3ea95b741ee30dc3"
        },
        {
          "type": "renderModule",
          "assetId": "8DTc7jx6rL7C",
          "checksum": "db484568d63f5887739e0a0570565af8"
        },
        {
          "type": "cssRules",
          "assetId": "8DTc7jx6rL7C",
          "checksum": "db484568d63f5887739e0a0570565af8"
        },
        {
          "type": "renderModule",
          "assetId": "ZdLCOTSAwktK",
          "checksum": "63de9ddc0523c09e91b5556b5aeebf13"
        },
        {
          "type": "cssRules",
          "assetId": "ZdLCOTSAwktK",
          "checksum": "63de9ddc0523c09e91b5556b5aeebf13"
        },
        {
          "type": "renderModule",
          "assetId": "rpLtV_HQwdAu",
          "checksum": "b8f0728759e7c92e6a506c5c8bccf394"
        },
        {
          "type": "cssRules",
          "assetId": "rpLtV_HQwdAu",
          "checksum": "b8f0728759e7c92e6a506c5c8bccf394"
        },
        {
          "type": "renderModule",
          "assetId": "LuiDLgZKz760",
          "checksum": "5623eaa96fbe8f4686491464fdd3f00b"
        },
        {
          "type": "cssRules",
          "assetId": "LuiDLgZKz760",
          "checksum": "5623eaa96fbe8f4686491464fdd3f00b"
        },
        {
          "type": "icon",
          "assetId": "zTD8EtaxsHu3",
          "checksum": "7df576824d5a940ea1e037898bc27a63"
        },
        {
          "type": "icon",
          "assetId": "juv1y_1NSoNI",
          "checksum": "f2e81a25972217cf93a2223e6105c5bc"
        },
        {
          "type": "icon",
          "assetId": "8z-yKuliDXZU",
          "checksum": "0ea46598a27a2ec6e3e585f4b26418be"
        },
        {
          "type": "icon",
          "assetId": "ug5xVr1EKRB8",
          "checksum": "1b12fa6d970d01eac3bd812ecbc9c776"
        },
        {
          "type": "icon",
          "assetId": "4vuhyrA8ApPk",
          "checksum": "495d1f6db730892ad3085dd1dc246fc0"
        },
        {
          "type": "icon",
          "assetId": "VvEasCZhPTAN",
          "checksum": "456287f19a3d1c34b48666c1169eb8f5"
        },
        {
          "type": "icon",
          "assetId": "PF1xkycUKuWh",
          "checksum": "9f6f93123506fb465579586964f7bf93"
        },
        {
          "type": "icon",
          "assetId": "QxzcgtQkEE3q",
          "checksum": "f4b536e9a3386448c994f74db842dac0"
        },
        {
          "type": "icon",
          "assetId": "zhJD5edZ-HB_",
          "checksum": "50ce71f72a6ff58c2531bf15d348514c"
        },
        {
          "type": "icon",
          "assetId": "UytNvKytmFqC",
          "checksum": "a780e9aff20a714c3ba6ac2b72288b23"
        },
        {
          "type": "icon",
          "assetId": "SddS0xZQ6WQX",
          "checksum": "1ff5e94142c800d19292c4821799075e"
        },
        {
          "type": "icon",
          "assetId": "8sYNxdlEGVgZ",
          "checksum": "cea2beb6c5e44a893c62b31c4f2b1ef1"
        },
        {
          "type": "image",
          "assetId": "XT4FxfQhpkRZ",
          "checksum": "a057180c1c3f2115dbbac902d0db33fd"
        },
        {
          "type": "image",
          "assetId": "P1030OZ8-Roo",
          "checksum": "6aa33e37f3590f2371a04a0d731998ed"
        },
        {
          "type": "image",
          "assetId": "8DfX5kyNg40M",
          "checksum": "6c7757e3a329528c9bc67b7e7186196a"
        },
        {
          "type": "image",
          "assetId": "kOYGzmPWCjNf",
          "checksum": "de1f845798718ec6545aa9b6672f705d"
        },
        {
          "type": "image",
          "assetId": "m6rdg3o5akLt",
          "checksum": "8d2da38ffcb5b66d941dfb86ec29ce19"
        },
        {
          "type": "image",
          "assetId": "3HU3zyloHf6U",
          "checksum": "210dfd89bc33a03b4f0b6e6db9267dcf"
        },
        {
          "type": "image",
          "assetId": "EpDEy6AsTzoR",
          "checksum": "f6ca92b01a52f638efcf407056059324"
        },
        {
          "type": "image",
          "assetId": "1XM0_7TtSxfa",
          "checksum": "2657088590738b782005794cf88c6ad0"
        },
        {
          "type": "image",
          "assetId": "lnL-_dnbhv-M",
          "checksum": "ef3a8b2083d0f9f653aca0a6894bbabe"
        },
        {
          "type": "image",
          "assetId": "zsDPtOl1KbJU",
          "checksum": "1cb080c703d7e188a6f1253750e55110"
        },
        {
          "type": "image",
          "assetId": "LAC9a9U1wQG0",
          "checksum": "075f824bab78420846c231b1ef8a1609"
        },
        {
          "type": "image",
          "assetId": "uuf22HunP4WL",
          "checksum": "5bc7cd81bd503e4cf179859743db5feb"
        },
        {
          "type": "image",
          "assetId": "MJmebApwOucm",
          "checksum": "c4863f6f5f6b36de55f8e7873b8b1480"
        },
        {
          "type": "image",
          "assetId": "XpqPdD1ao-Fa",
          "checksum": "d6680b1585711380fc420ff6657600c7"
        },
        {
          "type": "image",
          "assetId": "PFIX_EFwbtzM",
          "checksum": "5e693b9181578cfee88ad155fbb7f6ab"
        },
        {
          "type": "image",
          "assetId": "ca3ZMewhJR6S",
          "checksum": "dbf050124ded64ee794ef422fcfc9a16"
        },
        {
          "type": "image",
          "assetId": "XKVNDwMO7lDp",
          "checksum": "4d978951a910fa52c8e07ac2fa3aef96"
        },
        {
          "type": "image",
          "assetId": "jZQsDGHnFlxn",
          "checksum": "77d4ede1a6ae5162c18d61e5e52af4a8"
        },
        {
          "type": "image",
          "assetId": "LIvc2d61UyNH",
          "checksum": "caaede7863778af000c5d21a7ae1f134"
        },
        {
          "type": "image",
          "assetId": "QQ8oYvNOdza1",
          "checksum": "87d6b7d7bd7cb5548bd8c120c428923b"
        },
        {
          "type": "image",
          "assetId": "G703WvuEo4Bb",
          "checksum": "dd368bdfa2c42c063e84070eea6a22a3"
        },
        {
          "type": "image",
          "assetId": "I9cJved_msef",
          "checksum": "8daf7ab293d31c0c047e26bcaf6d6c76"
        },
        {
          "type": "image",
          "assetId": "XcOQYLne-gmR",
          "checksum": "1cecdcba8124c0088fa03266afd9bae2"
        },
        {
          "type": "image",
          "assetId": "DIgDVFj62e9G",
          "checksum": "f66813a061fa10580d16e725e383a162"
        },
        {
          "type": "image",
          "assetId": "0hTx5DS9AsNU",
          "checksum": "c2f2ae6001c1d7c175b6f7943670f5a1"
        },
        {
          "type": "image",
          "assetId": "Hl6NEVP69hLC",
          "checksum": "fbb3df7c67ce5ef966042eb0436c81ce"
        },
        {
          "type": "image",
          "assetId": "bJWcZHJmdXr6",
          "checksum": "40a46039e49cb577461cc03e640287b3"
        },
        {
          "type": "image",
          "assetId": "MsTOdrOTrE97",
          "checksum": "1a39a0c47c63ff012b9047dece8374f8"
        },
        {
          "type": "image",
          "assetId": "3IcLVnrCZgbw",
          "checksum": "0724c589e1a170d7f36e3d0b2e686a37"
        },
        {
          "type": "image",
          "assetId": "8A1fKgkBrrDh",
          "checksum": "6be2a3d55a5b80d36cca10864c111f71"
        },
        {
          "type": "image",
          "assetId": "B9oC0vnoqJpV",
          "checksum": "5b2396d4a96eec2c205a95aa71c394a5"
        },
        {
          "type": "image",
          "assetId": "sdyA9VQ9lT2u",
          "checksum": "f869be9825ca39c5e5a9ab17870de06a"
        },
        {
          "type": "image",
          "assetId": "qZoqKeiEvtB2",
          "checksum": "0882ba507629c9767dacb3bcaaf00cb6"
        },
        {
          "type": "image",
          "assetId": "U_sIxa0UKykP",
          "checksum": "58272a4b84e4ac5e50bef3ac15e3548d"
        },
        {
          "type": "image",
          "assetId": "frQt0dWPY1FR",
          "checksum": "afffa651274acdf6c42268f838b10e6d"
        },
        {
          "type": "image",
          "assetId": "rWQSA0g5PRs5",
          "checksum": "609c1dc2733ab29421ffa99556f0c7f4"
        },
        {
          "type": "image",
          "assetId": "Db57Vj-kGTxt",
          "checksum": "abbb271609ad7e01b20b5d4df0e4f894"
        },
        {
          "type": "image",
          "assetId": "bhiEWFAXSFus",
          "checksum": "680d56364b7e3f82cbeb7885e465bb62"
        },
        {
          "type": "image",
          "assetId": "AURnTg6zyxtO",
          "checksum": "4faea42362075594302a1204ebaac5a3"
        },
        {
          "type": "image",
          "assetId": "by5QIOzw8iMz",
          "checksum": "ddacc7392b4cda12d90b2f549a39781b"
        },
        {
          "type": "image",
          "assetId": "PsV9eJFItPYK",
          "checksum": "7cfac1261230579c9318b3bb5962a187"
        },
        {
          "type": "image",
          "assetId": "97jXSUkvPXix",
          "checksum": "1a53d353f9739530205d27250cfe746f"
        },
        {
          "type": "image",
          "assetId": "4vzCcbW1yFB8",
          "checksum": "a5626584bd246ccd74d1fe60a9fcc1e6"
        },
        {
          "type": "image",
          "assetId": "3HxvaquSwJ5n",
          "checksum": "6511d711a78a61c286c1006a6ae8d67b"
        }
      ],
      "codegenVersion": "0.0.1"
    }
  ],
  "cliVersion": "0.1.335"
}
